
Microsoft Visual Studio Solution File, Format Version 12.00
# Visual Studio Version 16
VisualStudioVersion = 16.0.31321.278
MinimumVisualStudioVersion = 10.0.40219.1
Project("{9A19103F-16F7-4668-BE54-9A1E7A4F7556}") = "spbox.api", "spbox.api\spbox.api.csproj", "{70BF60FB-79CB-4DDD-99A4-C6497F346B79}"
EndProject
Project("{9A19103F-16F7-4668-BE54-9A1E7A4F7556}") = "spbox.business", "spbox.business\spbox.business.csproj", "{32F81C50-F8F7-476E-A3D9-5C199C65D08B}"
EndProject
Project("{9A19103F-16F7-4668-BE54-9A1E7A4F7556}") = "spbox.data", "spbox.data\spbox.data.csproj", "{0C5E97FD-13AD-4BF8-88B7-9DBD371E7D4A}"
EndProject
Project("{9A19103F-16F7-4668-BE54-9A1E7A4F7556}") = "spbox.core", "spbox.core\spbox.core.csproj", "{74955B40-1264-4F64-8A86-8727ED0F8815}"
EndProject
Project("{9A19103F-16F7-4668-BE54-9A1E7A4F7556}") = "spbox.root", "spbox.root\spbox.root.csproj", "{8551FAA9-A2EB-4667-9AE0-4E96BC2761F3}"
EndProject
Global
	GlobalSection(SolutionConfigurationPlatforms) = preSolution
		Debug|Any CPU = Debug|Any CPU
		Release|Any CPU = Release|Any CPU
	EndGlobalSection
	GlobalSection(ProjectConfigurationPlatforms) = postSolution
		{70BF60FB-79CB-4DDD-99A4-C6497F346B79}.Debug|Any CPU.ActiveCfg = Debug|Any CPU
		{70BF60FB-79CB-4DDD-99A4-C6497F346B79}.Debug|Any CPU.Build.0 = Debug|Any CPU
		{70BF60FB-79CB-4DDD-99A4-C6497F346B79}.Release|Any CPU.ActiveCfg = Release|Any CPU
		{70BF60FB-79CB-4DDD-99A4-C6497F346B79}.Release|Any CPU.Build.0 = Release|Any CPU
		{32F81C50-F8F7-476E-A3D9-5C199C65D08B}.Debug|Any CPU.ActiveCfg = Debug|Any CPU
		{32F81C50-F8F7-476E-A3D9-5C199C65D08B}.Debug|Any CPU.Build.0 = Debug|Any CPU
		{32F81C50-F8F7-476E-A3D9-5C199C65D08B}.Release|Any CPU.ActiveCfg = Release|Any CPU
		{32F81C50-F8F7-476E-A3D9-5C199C65D08B}.Release|Any CPU.Build.0 = Release|Any CPU
		{0C5E97FD-13AD-4BF8-88B7-9DBD371E7D4A}.Debug|Any CPU.ActiveCfg = Debug|Any CPU
		{0C5E97FD-13AD-4BF8-88B7-9DBD371E7D4A}.Debug|Any CPU.Build.0 = Debug|Any CPU
		{0C5E97FD-13AD-4BF8-88B7-9DBD371E7D4A}.Release|Any CPU.ActiveCfg = Release|Any CPU
		{0C5E97FD-13AD-4BF8-88B7-9DBD371E7D4A}.Release|Any CPU.Build.0 = Release|Any CPU
		{74955B40-1264-4F64-8A86-8727ED0F8815}.Debug|Any CPU.ActiveCfg = Debug|Any CPU
		{74955B40-1264-4F64-8A86-8727ED0F8815}.Debug|Any CPU.Build.0 = Debug|Any CPU
		{74955B40-1264-4F64-8A86-8727ED0F8815}.Release|Any CPU.ActiveCfg = Release|Any CPU
		{74955B40-1264-4F64-8A86-8727ED0F8815}.Release|Any CPU.Build.0 = Release|Any CPU
		{8551FAA9-A2EB-4667-9AE0-4E96BC2761F3}.Debug|Any CPU.ActiveCfg = Debug|Any CPU
		{8551FAA9-A2EB-4667-9AE0-4E96BC2761F3}.Debug|Any CPU.Build.0 = Debug|Any CPU
		{8551FAA9-A2EB-4667-9AE0-4E96BC2761F3}.Release|Any CPU.ActiveCfg = Release|Any CPU
		{8551FAA9-A2EB-4667-9AE0-4E96BC2761F3}.Release|Any CPU.Build.0 = Release|Any CPU
	EndGlobalSection
	GlobalSection(SolutionProperties) = preSolution
		HideSolutionNode = FALSE
	EndGlobalSection
	GlobalSection(ExtensibilityGlobals) = postSolution
		SolutionGuid = {07354E20-EDF9-4ADA-A31C-A223FEA261A2}
	EndGlobalSection
EndGlobal
